<Solution>
  <Folder Name="/samples/">
    <Project Path="samples/Atual.Backup.WinForms.Sample/Atual.Backup.WinForms.Sample.csproj" />
  </Folder>
  <Folder Name="/src/">
    <Project Path="src/Atual.Backup.Cli/Atual.Backup.Cli.csproj" />
    <Project Path="src/Atual.Backup.Core/Atual.Backup.Core.csproj" />
    <Project Path="src/Atual.Backup.Database/Atual.Backup.Database.csproj" />
    <Project Path="src/Atual.Backup.Infrastructure/Atual.Backup.Infrastructure.csproj" />
    <Project Path="src/Atual.Backup/Atual.Backup.csproj" />
  </Folder>
  <Folder Name="/tests/">
    <Project Path="tests/Atual.Backup.IntegrationTests/Atual.Backup.IntegrationTests.csproj" />
    <Project Path="tests/Atual.Backup.UnitTests/Atual.Backup.UnitTests.csproj" />
  </Folder>
</Solution>
